{
  "nodes": {
    "flake-utils": {
      "locked": {
        "lastModified": 1678901627,
        "narHash": "sha256-U02riOqrKKzwjsxc/400XnElV+UtPUQWpANPlyazjH0=",
        "owner": "numtide",
        "repo": "flake-utils",
        "rev": "93a2b84fc4b70d9e089d029deacc3583435c2ed6",
        "type": "github"
      },
      "original": {
        "owner": "numtide",
        "repo": "flake-utils",
        "type": "github"
      }
    },
    "flake-utils_2": {
      "locked": {
        "lastModified": 1642700792,
        "narHash": "sha256-XqHrk7hFb+zBvRg6Ghl+AZDq03ov6OshJLiSWOoX5es=",
        "owner": "numtide",
        "repo": "flake-utils",
        "rev": "846b2ae0fc4cc943637d3d1def4454213e203cba",
        "type": "github"
      },
      "original": {
        "owner": "numtide",
        "repo": "flake-utils",
        "type": "github"
      }
    },
    "mach-nix": {
      "inputs": {
        "flake-utils": "flake-utils_2",
        "nixpkgs": "nixpkgs",
        "pypi-deps-db": "pypi-deps-db"
      },
      "locked": {
        "lastModified": 1679842714,
        "narHash": "sha256-f/9d0I/ummFH5xjI097hUjkIYsZYgZt52fh9Z8zEp58=",
        "owner": "DavHau",
        "repo": "mach-nix",
        "rev": "ea9605fdcdd7ebc52b01c66dd54db8ac9148741a",
        "type": "github"
      },
      "original": {
        "owner": "DavHau",
        "repo": "mach-nix",
        "type": "github"
      }
    },
    "nixpkgs": {
      "locked": {
        "lastModified": 1643805626,
        "narHash": "sha256-AXLDVMG+UaAGsGSpOtQHPIKB+IZ0KSd9WS77aanGzgc=",
        "owner": "NixOS",
        "repo": "nixpkgs",
        "rev": "554d2d8aa25b6e583575459c297ec23750adb6cb",
        "type": "github"
      },
      "original": {
        "id": "nixpkgs",
        "ref": "nixos-unstable",
        "type": "indirect"
      }
    },
    "nixpkgs_2": {
      "locked": {
        "lastModified": 1679865578,
        "narHash": "sha256-sYQmxxqIYL3QFsRYjW0AufhGur8qWfwoOGPGHRJZlGc=",
        "owner": "NixOS",
        "repo": "nixpkgs",
        "rev": "4361baa782dc3d3b35fd455a1adc370681d9187c",
        "type": "github"
      },
      "original": {
        "owner": "NixOS",
        "ref": "nixos-unstable",
        "repo": "nixpkgs",
        "type": "github"
      }
    },
    "pypi-deps-db": {
      "flake": false,
      "locked": {
        "lastModified": 1678051695,
        "narHash": "sha256-kFFP8TN8pEKARtjK9loGdH+TU23ZbHdVLCUdNcufKPs=",
        "owner": "DavHau",
        "repo": "pypi-deps-db",
        "rev": "e00b22ead9d3534ba1c448e1af3076af6b234acf",
        "type": "github"
      },
      "original": {
        "owner": "DavHau",
        "repo": "pypi-deps-db",
        "type": "github"
      }
    },
    "root": {
      "inputs": {
        "flake-utils": "flake-utils",
        "mach-nix": "mach-nix",
        "nixpkgs": "nixpkgs_2"
      }
    }
  },
  "root": "root",
  "version": 7
}
